// !$*UTF8*$!
{
	archiveVersion = 1;
	classes = {
	};
	objectVersion = 46;
	objects = {

/* Begin PBXBuildFile section */
		1F7144FE186631A10090828C /* OpenGL.framework in Frameworks */ = {isa = PBXBuildFile; fileRef = 1F7144FD186631A10090828C /* OpenGL.framework */; };
		1F714500186638D80090828C /* CoreVideo.framework in Frameworks */ = {isa = PBXBuildFile; fileRef = 1F7144FF186638D80090828C /* CoreVideo.framework */; };
		4B1CB74C186B6AB800067310 /* Object.cpp in Sources */ = {isa = PBXBuildFile; fileRef = 4B1CB74A186B6AB800067310 /* Object.cpp */; };
		4B1CB74F186B6AD000067310 /* GeometricObject.cpp in Sources */ = {isa = PBXBuildFile; fileRef = 4B1CB74D186B6AD000067310 /* GeometricObject.cpp */; };
		4B1CB752186B6ADB00067310 /* Entrance.cpp in Sources */ = {isa = PBXBuildFile; fileRef = 4B1CB750186B6ADB00067310 /* Entrance.cpp */; };
		4B1CB755186B6BC900067310 /* Sensor.cpp in Sources */ = {isa = PBXBuildFile; fileRef = 4B1CB753186B6BC900067310 /* Sensor.cpp */; };
		4B1CB758186B6BD300067310 /* Group.cpp in Sources */ = {isa = PBXBuildFile; fileRef = 4B1CB756186B6BD300067310 /* Group.cpp */; };
		4B1E687318554BFD003A9847 /* Cocoa.framework in Frameworks */ = {isa = PBXBuildFile; fileRef = 4B1E687218554BFD003A9847 /* Cocoa.framework */; };
		4B1E687D18554BFD003A9847 /* InfoPlist.strings in Resources */ = {isa = PBXBuildFile; fileRef = 4B1E687B18554BFD003A9847 /* InfoPlist.strings */; };
		4B1E687F18554BFD003A9847 /* main.m in Sources */ = {isa = PBXBuildFile; fileRef = 4B1E687E18554BFD003A9847 /* main.m */; };
		4B1E688318554BFD003A9847 /* Credits.rtf in Resources */ = {isa = PBXBuildFile; fileRef = 4B1E688118554BFD003A9847 /* Credits.rtf */; };
		4B1E688618554BFD003A9847 /* PTDocument.mm in Sources */ = {isa = PBXBuildFile; fileRef = 4B1E688518554BFD003A9847 /* PTDocument.mm */; };
		4B1E688918554BFD003A9847 /* PTDocument.xib in Resources */ = {isa = PBXBuildFile; fileRef = 4B1E688718554BFD003A9847 /* PTDocument.xib */; };
		4B1E688C18554BFD003A9847 /* MainMenu.xib in Resources */ = {isa = PBXBuildFile; fileRef = 4B1E688A18554BFD003A9847 /* MainMenu.xib */; };
		4B1E688E18554BFD003A9847 /* Images.xcassets in Resources */ = {isa = PBXBuildFile; fileRef = 4B1E688D18554BFD003A9847 /* Images.xcassets */; };
		4B1E68AB18554E7D003A9847 /* FreescapeGL Icon.icns in Resources */ = {isa = PBXBuildFile; fileRef = 4B1E68AA18554E7D003A9847 /* FreescapeGL Icon.icns */; };
		4B1E68B91855571E003A9847 /* GameState.cpp in Sources */ = {isa = PBXBuildFile; fileRef = 4B1E68B71855571E003A9847 /* GameState.cpp */; };
		4B600A5818681BE300A1294E /* Matrix.cpp in Sources */ = {isa = PBXBuildFile; fileRef = 4B600A5118681BE300A1294E /* Matrix.cpp */; };
		4B600A5918681BE300A1294E /* VertexAttribute.cpp in Sources */ = {isa = PBXBuildFile; fileRef = 4B600A5418681BE300A1294E /* VertexAttribute.cpp */; };
		4B600A5A18681BE300A1294E /* VertexBuffer.cpp in Sources */ = {isa = PBXBuildFile; fileRef = 4B600A5618681BE300A1294E /* VertexBuffer.cpp */; };
		4B600A6818681C2000A1294E /* 16bitDetokeniser.cpp in Sources */ = {isa = PBXBuildFile; fileRef = 4B600A5C18681C2000A1294E /* 16bitDetokeniser.cpp */; };
		4B600A6918681C2000A1294E /* 8bitDetokeniser.cpp in Sources */ = {isa = PBXBuildFile; fileRef = 4B600A5E18681C2000A1294E /* 8bitDetokeniser.cpp */; };
		4B600A6A18681C2000A1294E /* Condition.cpp in Sources */ = {isa = PBXBuildFile; fileRef = 4B600A6018681C2000A1294E /* Condition.cpp */; };
		4B600A6B18681C2000A1294E /* Instruction.cpp in Sources */ = {isa = PBXBuildFile; fileRef = 4B600A6218681C2000A1294E /* Instruction.cpp */; };
		4B600A6C18681C2000A1294E /* Parser.cpp in Sources */ = {isa = PBXBuildFile; fileRef = 4B600A6418681C2000A1294E /* Parser.cpp */; };
		4B600A6D18681C2000A1294E /* Token.cpp in Sources */ = {isa = PBXBuildFile; fileRef = 4B600A6618681C2000A1294E /* Token.cpp */; };
		4B600A7118681C4100A1294E /* 16bitBinaryLoader.cpp in Sources */ = {isa = PBXBuildFile; fileRef = 4B600A6F18681C4100A1294E /* 16bitBinaryLoader.cpp */; };
		4B8BC75118616B01003D9447 /* Game.cpp in Sources */ = {isa = PBXBuildFile; fileRef = 4B8BC74F18616B01003D9447 /* Game.cpp */; };
/* End PBXBuildFile section */

/* Begin PBXFileReference section */
		1F7144FD186631A10090828C /* OpenGL.framework */ = {isa = PBXFileReference; lastKnownFileType = wrapper.framework; name = OpenGL.framework; path = System/Library/Frameworks/OpenGL.framework; sourceTree = SDKROOT; };
		1F7144FF186638D80090828C /* CoreVideo.framework */ = {isa = PBXFileReference; lastKnownFileType = wrapper.framework; name = CoreVideo.framework; path = System/Library/Frameworks/CoreVideo.framework; sourceTree = SDKROOT; };
		4B1CB74A186B6AB800067310 /* Object.cpp */ = {isa = PBXFileReference; fileEncoding = 4; lastKnownFileType = sourcecode.cpp.cpp; path = Object.cpp; sourceTree = "<group>"; };
		4B1CB74B186B6AB800067310 /* Object.h */ = {isa = PBXFileReference; fileEncoding = 4; lastKnownFileType = sourcecode.c.h; path = Object.h; sourceTree = "<group>"; };
		4B1CB74D186B6AD000067310 /* GeometricObject.cpp */ = {isa = PBXFileReference; fileEncoding = 4; lastKnownFileType = sourcecode.cpp.cpp; path = GeometricObject.cpp; sourceTree = "<group>"; };
		4B1CB74E186B6AD000067310 /* GeometricObject.h */ = {isa = PBXFileReference; fileEncoding = 4; lastKnownFileType = sourcecode.c.h; path = GeometricObject.h; sourceTree = "<group>"; };
		4B1CB750186B6ADB00067310 /* Entrance.cpp */ = {isa = PBXFileReference; fileEncoding = 4; lastKnownFileType = sourcecode.cpp.cpp; path = Entrance.cpp; sourceTree = "<group>"; };
		4B1CB751186B6ADB00067310 /* Entrance.h */ = {isa = PBXFileReference; fileEncoding = 4; lastKnownFileType = sourcecode.c.h; path = Entrance.h; sourceTree = "<group>"; };
		4B1CB753186B6BC900067310 /* Sensor.cpp */ = {isa = PBXFileReference; fileEncoding = 4; lastKnownFileType = sourcecode.cpp.cpp; path = Sensor.cpp; sourceTree = "<group>"; };
		4B1CB754186B6BC900067310 /* Sensor.h */ = {isa = PBXFileReference; fileEncoding = 4; lastKnownFileType = sourcecode.c.h; path = Sensor.h; sourceTree = "<group>"; };
		4B1CB756186B6BD300067310 /* Group.cpp */ = {isa = PBXFileReference; fileEncoding = 4; lastKnownFileType = sourcecode.cpp.cpp; path = Group.cpp; sourceTree = "<group>"; };
		4B1CB757186B6BD300067310 /* Group.h */ = {isa = PBXFileReference; fileEncoding = 4; lastKnownFileType = sourcecode.c.h; path = Group.h; sourceTree = "<group>"; };
		4B1E686F18554BFD003A9847 /* Phantasma.app */ = {isa = PBXFileReference; explicitFileType = wrapper.application; includeInIndex = 0; path = Phantasma.app; sourceTree = BUILT_PRODUCTS_DIR; };
		4B1E687218554BFD003A9847 /* Cocoa.framework */ = {isa = PBXFileReference; lastKnownFileType = wrapper.framework; name = Cocoa.framework; path = System/Library/Frameworks/Cocoa.framework; sourceTree = SDKROOT; };
		4B1E687518554BFD003A9847 /* AppKit.framework */ = {isa = PBXFileReference; lastKnownFileType = wrapper.framework; name = AppKit.framework; path = System/Library/Frameworks/AppKit.framework; sourceTree = SDKROOT; };
		4B1E687618554BFD003A9847 /* CoreData.framework */ = {isa = PBXFileReference; lastKnownFileType = wrapper.framework; name = CoreData.framework; path = System/Library/Frameworks/CoreData.framework; sourceTree = SDKROOT; };
		4B1E687718554BFD003A9847 /* Foundation.framework */ = {isa = PBXFileReference; lastKnownFileType = wrapper.framework; name = Foundation.framework; path = System/Library/Frameworks/Foundation.framework; sourceTree = SDKROOT; };
		4B1E687A18554BFD003A9847 /* Phantasma-Info.plist */ = {isa = PBXFileReference; lastKnownFileType = text.plist.xml; path = "Phantasma-Info.plist"; sourceTree = "<group>"; };
		4B1E687C18554BFD003A9847 /* en */ = {isa = PBXFileReference; lastKnownFileType = text.plist.strings; name = en; path = en.lproj/InfoPlist.strings; sourceTree = "<group>"; };
		4B1E687E18554BFD003A9847 /* main.m */ = {isa = PBXFileReference; lastKnownFileType = sourcecode.c.objc; path = main.m; sourceTree = "<group>"; };
		4B1E688018554BFD003A9847 /* Phantasma-Prefix.pch */ = {isa = PBXFileReference; lastKnownFileType = sourcecode.c.h; path = "Phantasma-Prefix.pch"; sourceTree = "<group>"; };
		4B1E688218554BFD003A9847 /* en */ = {isa = PBXFileReference; lastKnownFileType = text.rtf; name = en; path = en.lproj/Credits.rtf; sourceTree = "<group>"; };
		4B1E688418554BFD003A9847 /* PTDocument.h */ = {isa = PBXFileReference; lastKnownFileType = sourcecode.c.h; path = PTDocument.h; sourceTree = "<group>"; };
		4B1E688518554BFD003A9847 /* PTDocument.mm */ = {isa = PBXFileReference; lastKnownFileType = sourcecode.cpp.objcpp; path = PTDocument.mm; sourceTree = "<group>"; };
		4B1E688818554BFD003A9847 /* Base */ = {isa = PBXFileReference; lastKnownFileType = file.xib; name = Base; path = Base.lproj/PTDocument.xib; sourceTree = "<group>"; };
		4B1E688B18554BFD003A9847 /* Base */ = {isa = PBXFileReference; lastKnownFileType = file.xib; name = Base; path = Base.lproj/MainMenu.xib; sourceTree = "<group>"; };
		4B1E688D18554BFD003A9847 /* Images.xcassets */ = {isa = PBXFileReference; lastKnownFileType = folder.assetcatalog; path = Images.xcassets; sourceTree = "<group>"; };
		4B1E689418554BFD003A9847 /* XCTest.framework */ = {isa = PBXFileReference; lastKnownFileType = wrapper.framework; name = XCTest.framework; path = Library/Frameworks/XCTest.framework; sourceTree = DEVELOPER_DIR; };
		4B1E68A918554D08003A9847 /* Phantasma.entitlements */ = {isa = PBXFileReference; lastKnownFileType = text.xml; path = Phantasma.entitlements; sourceTree = "<group>"; };
		4B1E68AA18554E7D003A9847 /* FreescapeGL Icon.icns */ = {isa = PBXFileReference; lastKnownFileType = image.icns; name = "FreescapeGL Icon.icns"; path = "../../../res/FreescapeGL Icon.icns"; sourceTree = "<group>"; };
		4B1E68B71855571E003A9847 /* GameState.cpp */ = {isa = PBXFileReference; fileEncoding = 4; lastKnownFileType = sourcecode.cpp.cpp; name = GameState.cpp; path = ../../GameState.cpp; sourceTree = "<group>"; };
		4B1E68B81855571E003A9847 /* GameState.h */ = {isa = PBXFileReference; fileEncoding = 4; lastKnownFileType = sourcecode.c.h; name = GameState.h; path = ../../GameState.h; sourceTree = "<group>"; };
		4B600A5118681BE300A1294E /* Matrix.cpp */ = {isa = PBXFileReference; fileEncoding = 4; lastKnownFileType = sourcecode.cpp.cpp; path = Matrix.cpp; sourceTree = "<group>"; };
		4B600A5218681BE300A1294E /* Matrix.h */ = {isa = PBXFileReference; fileEncoding = 4; lastKnownFileType = sourcecode.c.h; path = Matrix.h; sourceTree = "<group>"; };
		4B600A5418681BE300A1294E /* VertexAttribute.cpp */ = {isa = PBXFileReference; fileEncoding = 4; lastKnownFileType = sourcecode.cpp.cpp; path = VertexAttribute.cpp; sourceTree = "<group>"; };
		4B600A5518681BE300A1294E /* VertexAttribute.h */ = {isa = PBXFileReference; fileEncoding = 4; lastKnownFileType = sourcecode.c.h; path = VertexAttribute.h; sourceTree = "<group>"; };
		4B600A5618681BE300A1294E /* VertexBuffer.cpp */ = {isa = PBXFileReference; fileEncoding = 4; lastKnownFileType = sourcecode.cpp.cpp; path = VertexBuffer.cpp; sourceTree = "<group>"; };
		4B600A5718681BE300A1294E /* VertexBuffer.h */ = {isa = PBXFileReference; fileEncoding = 4; lastKnownFileType = sourcecode.c.h; path = VertexBuffer.h; sourceTree = "<group>"; };
		4B600A5C18681C2000A1294E /* 16bitDetokeniser.cpp */ = {isa = PBXFileReference; fileEncoding = 4; lastKnownFileType = sourcecode.cpp.cpp; path = 16bitDetokeniser.cpp; sourceTree = "<group>"; };
		4B600A5D18681C2000A1294E /* 16bitDetokeniser.h */ = {isa = PBXFileReference; fileEncoding = 4; lastKnownFileType = sourcecode.c.h; path = 16bitDetokeniser.h; sourceTree = "<group>"; };
		4B600A5E18681C2000A1294E /* 8bitDetokeniser.cpp */ = {isa = PBXFileReference; fileEncoding = 4; lastKnownFileType = sourcecode.cpp.cpp; path = 8bitDetokeniser.cpp; sourceTree = "<group>"; };
		4B600A5F18681C2000A1294E /* 8bitDetokeniser.h */ = {isa = PBXFileReference; fileEncoding = 4; lastKnownFileType = sourcecode.c.h; path = 8bitDetokeniser.h; sourceTree = "<group>"; };
		4B600A6018681C2000A1294E /* Condition.cpp */ = {isa = PBXFileReference; fileEncoding = 4; lastKnownFileType = sourcecode.cpp.cpp; path = Condition.cpp; sourceTree = "<group>"; };
		4B600A6118681C2000A1294E /* Condition.h */ = {isa = PBXFileReference; fileEncoding = 4; lastKnownFileType = sourcecode.c.h; path = Condition.h; sourceTree = "<group>"; };
		4B600A6218681C2000A1294E /* Instruction.cpp */ = {isa = PBXFileReference; fileEncoding = 4; lastKnownFileType = sourcecode.cpp.cpp; path = Instruction.cpp; sourceTree = "<group>"; };
		4B600A6318681C2000A1294E /* Instruction.h */ = {isa = PBXFileReference; fileEncoding = 4; lastKnownFileType = sourcecode.c.h; path = Instruction.h; sourceTree = "<group>"; };
		4B600A6418681C2000A1294E /* Parser.cpp */ = {isa = PBXFileReference; fileEncoding = 4; lastKnownFileType = sourcecode.cpp.cpp; path = Parser.cpp; sourceTree = "<group>"; };
		4B600A6518681C2000A1294E /* Parser.h */ = {isa = PBXFileReference; fileEncoding = 4; lastKnownFileType = sourcecode.c.h; path = Parser.h; sourceTree = "<group>"; };
		4B600A6618681C2000A1294E /* Token.cpp */ = {isa = PBXFileReference; fileEncoding = 4; lastKnownFileType = sourcecode.cpp.cpp; path = Token.cpp; sourceTree = "<group>"; };
		4B600A6718681C2000A1294E /* Token.h */ = {isa = PBXFileReference; fileEncoding = 4; lastKnownFileType = sourcecode.c.h; path = Token.h; sourceTree = "<group>"; };
		4B600A6F18681C4100A1294E /* 16bitBinaryLoader.cpp */ = {isa = PBXFileReference; fileEncoding = 4; lastKnownFileType = sourcecode.cpp.cpp; path = 16bitBinaryLoader.cpp; sourceTree = "<group>"; };
		4B600A7018681C4100A1294E /* 16bitBinaryLoader.h */ = {isa = PBXFileReference; fileEncoding = 4; lastKnownFileType = sourcecode.c.h; path = 16bitBinaryLoader.h; sourceTree = "<group>"; };
		4B8BC74F18616B01003D9447 /* Game.cpp */ = {isa = PBXFileReference; fileEncoding = 4; lastKnownFileType = sourcecode.cpp.cpp; name = Game.cpp; path = ../../Game.cpp; sourceTree = "<group>"; };
		4B8BC75018616B01003D9447 /* Game.h */ = {isa = PBXFileReference; fileEncoding = 4; lastKnownFileType = sourcecode.c.h; name = Game.h; path = ../../Game.h; sourceTree = "<group>"; };
/* End PBXFileReference section */

/* Begin PBXFrameworksBuildPhase section */
		4B1E686C18554BFD003A9847 /* Frameworks */ = {
			isa = PBXFrameworksBuildPhase;
			buildActionMask = 2147483647;
			files = (
				1F714500186638D80090828C /* CoreVideo.framework in Frameworks */,
				1F7144FE186631A10090828C /* OpenGL.framework in Frameworks */,
				4B1E687318554BFD003A9847 /* Cocoa.framework in Frameworks */,
			);
			runOnlyForDeploymentPostprocessing = 0;
		};
/* End PBXFrameworksBuildPhase section */

/* Begin PBXGroup section */
		4B1CB749186B6AB800067310 /* Objects */ = {
			isa = PBXGroup;
			children = (
				4B1CB74A186B6AB800067310 /* Object.cpp */,
				4B1CB74B186B6AB800067310 /* Object.h */,
				4B1CB74D186B6AD000067310 /* GeometricObject.cpp */,
				4B1CB74E186B6AD000067310 /* GeometricObject.h */,
				4B1CB750186B6ADB00067310 /* Entrance.cpp */,
				4B1CB751186B6ADB00067310 /* Entrance.h */,
				4B1CB753186B6BC900067310 /* Sensor.cpp */,
				4B1CB754186B6BC900067310 /* Sensor.h */,
				4B1CB756186B6BD300067310 /* Group.cpp */,
				4B1CB757186B6BD300067310 /* Group.h */,
			);
			name = Objects;
			path = ../../Objects;
			sourceTree = "<group>";
		};
		4B1E686618554BFD003A9847 = {
			isa = PBXGroup;
			children = (
				4B1E687818554BFD003A9847 /* Phantasma */,
				4B1E687118554BFD003A9847 /* Frameworks */,
				4B1E687018554BFD003A9847 /* Products */,
			);
			sourceTree = "<group>";
		};
		4B1E687018554BFD003A9847 /* Products */ = {
			isa = PBXGroup;
			children = (
				4B1E686F18554BFD003A9847 /* Phantasma.app */,
			);
			name = Products;
			sourceTree = "<group>";
		};
		4B1E687118554BFD003A9847 /* Frameworks */ = {
			isa = PBXGroup;
			children = (
				1F7144FF186638D80090828C /* CoreVideo.framework */,
				1F7144FD186631A10090828C /* OpenGL.framework */,
				4B1E687218554BFD003A9847 /* Cocoa.framework */,
				4B1E689418554BFD003A9847 /* XCTest.framework */,
				4B1E687418554BFD003A9847 /* Other Frameworks */,
			);
			name = Frameworks;
			sourceTree = "<group>";
		};
		4B1E687418554BFD003A9847 /* Other Frameworks */ = {
			isa = PBXGroup;
			children = (
				4B1E687518554BFD003A9847 /* AppKit.framework */,
				4B1E687618554BFD003A9847 /* CoreData.framework */,
				4B1E687718554BFD003A9847 /* Foundation.framework */,
			);
			name = "Other Frameworks";
			sourceTree = "<group>";
		};
		4B1E687818554BFD003A9847 /* Phantasma */ = {
			isa = PBXGroup;
			children = (
				4B1CB749186B6AB800067310 /* Objects */,
				4B600A6E18681C4100A1294E /* Loaders */,
				4B600A5B18681C2000A1294E /* Command Language */,
				4B600A5018681BE300A1294E /* Maths */,
				4B600A5318681BE300A1294E /* OpenGL */,
				4B1E68B71855571E003A9847 /* GameState.cpp */,
				4B1E68B81855571E003A9847 /* GameState.h */,
				4B8BC74F18616B01003D9447 /* Game.cpp */,
				4B8BC75018616B01003D9447 /* Game.h */,
				4B1E68AD18555112003A9847 /* OS X */,
				4B1E687918554BFD003A9847 /* Supporting Files */,
			);
			path = Phantasma;
			sourceTree = "<group>";
		};
		4B1E687918554BFD003A9847 /* Supporting Files */ = {
			isa = PBXGroup;
			children = (
				4B1E68AA18554E7D003A9847 /* FreescapeGL Icon.icns */,
				4B1E687A18554BFD003A9847 /* Phantasma-Info.plist */,
				4B1E687B18554BFD003A9847 /* InfoPlist.strings */,
				4B1E687E18554BFD003A9847 /* main.m */,
				4B1E688018554BFD003A9847 /* Phantasma-Prefix.pch */,
				4B1E688118554BFD003A9847 /* Credits.rtf */,
			);
			name = "Supporting Files";
			sourceTree = "<group>";
		};
		4B1E68AD18555112003A9847 /* OS X */ = {
			isa = PBXGroup;
			children = (
				4B1E68A918554D08003A9847 /* Phantasma.entitlements */,
				4B1E688418554BFD003A9847 /* PTDocument.h */,
				4B1E688518554BFD003A9847 /* PTDocument.mm */,
				4B1E688718554BFD003A9847 /* PTDocument.xib */,
				4B1E688A18554BFD003A9847 /* MainMenu.xib */,
				4B1E688D18554BFD003A9847 /* Images.xcassets */,
			);
			name = "OS X";
			sourceTree = "<group>";
		};
		4B600A5018681BE300A1294E /* Maths */ = {
			isa = PBXGroup;
			children = (
				4B600A5118681BE300A1294E /* Matrix.cpp */,
				4B600A5218681BE300A1294E /* Matrix.h */,
			);
			name = Maths;
			path = ../../Maths;
			sourceTree = "<group>";
		};
		4B600A5318681BE300A1294E /* OpenGL */ = {
			isa = PBXGroup;
			children = (
				4B600A5418681BE300A1294E /* VertexAttribute.cpp */,
				4B600A5518681BE300A1294E /* VertexAttribute.h */,
				4B600A5618681BE300A1294E /* VertexBuffer.cpp */,
				4B600A5718681BE300A1294E /* VertexBuffer.h */,
			);
			name = OpenGL;
			path = ../../OpenGL;
			sourceTree = "<group>";
		};
		4B600A5B18681C2000A1294E /* Command Language */ = {
			isa = PBXGroup;
			children = (
				4B600A5C18681C2000A1294E /* 16bitDetokeniser.cpp */,
				4B600A5D18681C2000A1294E /* 16bitDetokeniser.h */,
				4B600A5E18681C2000A1294E /* 8bitDetokeniser.cpp */,
				4B600A5F18681C2000A1294E /* 8bitDetokeniser.h */,
				4B600A6018681C2000A1294E /* Condition.cpp */,
				4B600A6118681C2000A1294E /* Condition.h */,
				4B600A6218681C2000A1294E /* Instruction.cpp */,
				4B600A6318681C2000A1294E /* Instruction.h */,
				4B600A6418681C2000A1294E /* Parser.cpp */,
				4B600A6518681C2000A1294E /* Parser.h */,
				4B600A6618681C2000A1294E /* Token.cpp */,
				4B600A6718681C2000A1294E /* Token.h */,
			);
			name = "Command Language";
			path = ../../CommandLanguage;
			sourceTree = "<group>";
		};
		4B600A6E18681C4100A1294E /* Loaders */ = {
			isa = PBXGroup;
			children = (
				4B600A6F18681C4100A1294E /* 16bitBinaryLoader.cpp */,
				4B600A7018681C4100A1294E /* 16bitBinaryLoader.h */,
			);
			name = Loaders;
			path = ../../Loaders;
			sourceTree = "<group>";
		};
/* End PBXGroup section */

/* Begin PBXNativeTarget section */
		4B1E686E18554BFD003A9847 /* Phantasma */ = {
			isa = PBXNativeTarget;
			buildConfigurationList = 4B1E68A318554BFD003A9847 /* Build configuration list for PBXNativeTarget "Phantasma" */;
			buildPhases = (
				4B1E686B18554BFD003A9847 /* Sources */,
				4B1E686C18554BFD003A9847 /* Frameworks */,
				4B1E686D18554BFD003A9847 /* Resources */,
			);
			buildRules = (
			);
			dependencies = (
			);
			name = Phantasma;
			productName = Phantasma;
			productReference = 4B1E686F18554BFD003A9847 /* Phantasma.app */;
			productType = "com.apple.product-type.application";
		};
/* End PBXNativeTarget section */

/* Begin PBXProject section */
		4B1E686718554BFD003A9847 /* Project object */ = {
			isa = PBXProject;
			attributes = {
				CLASSPREFIX = PT;
				LastUpgradeCheck = 0500;
				ORGANIZATIONNAME = "Thomas Harte";
				TargetAttributes = {
					4B1E686E18554BFD003A9847 = {
						SystemCapabilities = {
							com.apple.Sandbox = {
								enabled = 1;
							};
						};
					};
				};
			};
			buildConfigurationList = 4B1E686A18554BFD003A9847 /* Build configuration list for PBXProject "Phantasma" */;
			compatibilityVersion = "Xcode 3.2";
			developmentRegion = English;
			hasScannedForEncodings = 0;
			knownRegions = (
				en,
				Base,
			);
			mainGroup = 4B1E686618554BFD003A9847;
			productRefGroup = 4B1E687018554BFD003A9847 /* Products */;
			projectDirPath = "";
			projectRoot = "";
			targets = (
				4B1E686E18554BFD003A9847 /* Phantasma */,
			);
		};
/* End PBXProject section */

/* Begin PBXResourcesBuildPhase section */
		4B1E686D18554BFD003A9847 /* Resources */ = {
			isa = PBXResourcesBuildPhase;
			buildActionMask = 2147483647;
			files = (
				4B1E687D18554BFD003A9847 /* InfoPlist.strings in Resources */,
				4B1E688E18554BFD003A9847 /* Images.xcassets in Resources */,
				4B1E688318554BFD003A9847 /* Credits.rtf in Resources */,
				4B1E688918554BFD003A9847 /* PTDocument.xib in Resources */,
				4B1E68AB18554E7D003A9847 /* FreescapeGL Icon.icns in Resources */,
				4B1E688C18554BFD003A9847 /* MainMenu.xib in Resources */,
			);
			runOnlyForDeploymentPostprocessing = 0;
		};
/* End PBXResourcesBuildPhase section */

/* Begin PBXSourcesBuildPhase section */
		4B1E686B18554BFD003A9847 /* Sources */ = {
			isa = PBXSourcesBuildPhase;
			buildActionMask = 2147483647;
			files = (
				4B600A5818681BE300A1294E /* Matrix.cpp in Sources */,
				4B600A6A18681C2000A1294E /* Condition.cpp in Sources */,
				4B600A6918681C2000A1294E /* 8bitDetokeniser.cpp in Sources */,
				4B1CB752186B6ADB00067310 /* Entrance.cpp in Sources */,
				4B600A6D18681C2000A1294E /* Token.cpp in Sources */,
				4B600A6B18681C2000A1294E /* Instruction.cpp in Sources */,
				4B1E688618554BFD003A9847 /* PTDocument.mm in Sources */,
				4B1E68B91855571E003A9847 /* GameState.cpp in Sources */,
				4B1CB758186B6BD300067310 /* Group.cpp in Sources */,
				4B600A6C18681C2000A1294E /* Parser.cpp in Sources */,
				4B1CB74C186B6AB800067310 /* Object.cpp in Sources */,
				4B600A5A18681BE300A1294E /* VertexBuffer.cpp in Sources */,
				4B1CB755186B6BC900067310 /* Sensor.cpp in Sources */,
				4B1CB74F186B6AD000067310 /* GeometricObject.cpp in Sources */,
				4B600A6818681C2000A1294E /* 16bitDetokeniser.cpp in Sources */,
				4B1E687F18554BFD003A9847 /* main.m in Sources */,
				4B8BC75118616B01003D9447 /* Game.cpp in Sources */,
				4B600A7118681C4100A1294E /* 16bitBinaryLoader.cpp in Sources */,
				4B600A5918681BE300A1294E /* VertexAttribute.cpp in Sources */,
			);
			runOnlyForDeploymentPostprocessing = 0;
		};
/* End PBXSourcesBuildPhase section */

/* Begin PBXVariantGroup section */
		4B1E687B18554BFD003A9847 /* InfoPlist.strings */ = {
			isa = PBXVariantGroup;
			children = (
				4B1E687C18554BFD003A9847 /* en */,
			);
			name = InfoPlist.strings;
			sourceTree = "<group>";
		};
		4B1E688118554BFD003A9847 /* Credits.rtf */ = {
			isa = PBXVariantGroup;
			children = (
				4B1E688218554BFD003A9847 /* en */,
			);
			name = Credits.rtf;
			sourceTree = "<group>";
		};
		4B1E688718554BFD003A9847 /* PTDocument.xib */ = {
			isa = PBXVariantGroup;
			children = (
				4B1E688818554BFD003A9847 /* Base */,
			);
			name = PTDocument.xib;
			sourceTree = "<group>";
		};
		4B1E688A18554BFD003A9847 /* MainMenu.xib */ = {
			isa = PBXVariantGroup;
			children = (
				4B1E688B18554BFD003A9847 /* Base */,
			);
			name = MainMenu.xib;
			sourceTree = "<group>";
		};
/* End PBXVariantGroup section */

/* Begin XCBuildConfiguration section */
		4B1E68A118554BFD003A9847 /* Debug */ = {
			isa = XCBuildConfiguration;
			buildSettings = {
				ALWAYS_SEARCH_USER_PATHS = NO;
				CLANG_CXX_LANGUAGE_STANDARD = "gnu++0x";
				CLANG_CXX_LIBRARY = "libc++";
				CLANG_ENABLE_OBJC_ARC = YES;
				CLANG_WARN_BOOL_CONVERSION = YES;
				CLANG_WARN_CONSTANT_CONVERSION = YES;
				CLANG_WARN_DIRECT_OBJC_ISA_USAGE = YES_ERROR;
				CLANG_WARN_EMPTY_BODY = YES;
				CLANG_WARN_ENUM_CONVERSION = YES;
				CLANG_WARN_INT_CONVERSION = YES;
				CLANG_WARN_OBJC_ROOT_CLASS = YES_ERROR;
				CLANG_WARN__DUPLICATE_METHOD_MATCH = YES;
				COPY_PHASE_STRIP = NO;
				GCC_C_LANGUAGE_STANDARD = gnu99;
				GCC_DYNAMIC_NO_PIC = NO;
				GCC_ENABLE_OBJC_EXCEPTIONS = YES;
				GCC_OPTIMIZATION_LEVEL = 0;
				GCC_PREPROCESSOR_DEFINITIONS = (
					"DEBUG=1",
					"$(inherited)",
				);
				GCC_SYMBOLS_PRIVATE_EXTERN = NO;
				GCC_WARN_64_TO_32_BIT_CONVERSION = YES;
				GCC_WARN_ABOUT_RETURN_TYPE = YES_ERROR;
				GCC_WARN_UNDECLARED_SELECTOR = YES;
				GCC_WARN_UNINITIALIZED_AUTOS = YES;
				GCC_WARN_UNUSED_FUNCTION = YES;
				GCC_WARN_UNUSED_VARIABLE = YES;
				MACOSX_DEPLOYMENT_TARGET = 10.9;
				ONLY_ACTIVE_ARCH = YES;
				SDKROOT = macosx;
			};
			name = Debug;
		};
		4B1E68A218554BFD003A9847 /* Release */ = {
			isa = XCBuildConfiguration;
			buildSettings = {
				ALWAYS_SEARCH_USER_PATHS = NO;
				CLANG_CXX_LANGUAGE_STANDARD = "gnu++0x";
				CLANG_CXX_LIBRARY = "libc++";
				CLANG_ENABLE_OBJC_ARC = YES;
				CLANG_WARN_BOOL_CONVERSION = YES;
				CLANG_WARN_CONSTANT_CONVERSION = YES;
				CLANG_WARN_DIRECT_OBJC_ISA_USAGE = YES_ERROR;
				CLANG_WARN_EMPTY_BODY = YES;
				CLANG_WARN_ENUM_CONVERSION = YES;
				CLANG_WARN_INT_CONVERSION = YES;
				CLANG_WARN_OBJC_ROOT_CLASS = YES_ERROR;
				CLANG_WARN__DUPLICATE_METHOD_MATCH = YES;
				COPY_PHASE_STRIP = YES;
				DEBUG_INFORMATION_FORMAT = "dwarf-with-dsym";
				ENABLE_NS_ASSERTIONS = NO;
				GCC_C_LANGUAGE_STANDARD = gnu99;
				GCC_ENABLE_OBJC_EXCEPTIONS = YES;
				GCC_WARN_64_TO_32_BIT_CONVERSION = YES;
				GCC_WARN_ABOUT_RETURN_TYPE = YES_ERROR;
				GCC_WARN_UNDECLARED_SELECTOR = YES;
				GCC_WARN_UNINITIALIZED_AUTOS = YES;
				GCC_WARN_UNUSED_FUNCTION = YES;
				GCC_WARN_UNUSED_VARIABLE = YES;
				MACOSX_DEPLOYMENT_TARGET = 10.9;
				SDKROOT = macosx;
			};
			name = Release;
		};
		4B1E68A418554BFD003A9847 /* Debug */ = {
			isa = XCBuildConfiguration;
			buildSettings = {
				ARCHS = "$(ARCHS_STANDARD)";
				ASSETCATALOG_COMPILER_APPICON_NAME = AppIcon;
				CLANG_WARN_DOCUMENTATION_COMMENTS = YES;
				CLANG_WARN_IMPLICIT_SIGN_CONVERSION = YES;
				CLANG_WARN_SUSPICIOUS_IMPLICIT_CONVERSION = YES;
				CODE_SIGN_ENTITLEMENTS = Phantasma/Phantasma.entitlements;
				CODE_SIGN_IDENTITY = "-";
				COMBINE_HIDPI_IMAGES = YES;
				GCC_PRECOMPILE_PREFIX_HEADER = YES;
				GCC_PREFIX_HEADER = "Phantasma/Phantasma-Prefix.pch";
				GCC_WARN_ABOUT_MISSING_FIELD_INITIALIZERS = YES;
				GCC_WARN_ABOUT_MISSING_NEWLINE = YES;
				GCC_WARN_ABOUT_MISSING_PROTOTYPES = YES;
				GCC_WARN_INITIALIZER_NOT_FULLY_BRACKETED = YES;
				GCC_WARN_NON_VIRTUAL_DESTRUCTOR = YES;
				GCC_WARN_SHADOW = YES;
				GCC_WARN_SIGN_COMPARE = YES;
				INFOPLIST_FILE = "Phantasma/Phantasma-Info.plist";
				MACOSX_DEPLOYMENT_TARGET = 10.7;
				PRODUCT_NAME = "$(TARGET_NAME)";
				WRAPPER_EXTENSION = app;
			};
			name = Debug;
		};
		4B1E68A518554BFD003A9847 /* Release */ = {
			isa = XCBuildConfiguration;
			buildSettings = {
				ARCHS = "$(ARCHS_STANDARD)";
				ASSETCATALOG_COMPILER_APPICON_NAME = AppIcon;
				CLANG_WARN_DOCUMENTATION_COMMENTS = YES;
				CLANG_WARN_IMPLICIT_SIGN_CONVERSION = YES;
				CLANG_WARN_SUSPICIOUS_IMPLICIT_CONVERSION = YES;
				CODE_SIGN_ENTITLEMENTS = Phantasma/Phantasma.entitlements;
				CODE_SIGN_IDENTITY = "-";
				COMBINE_HIDPI_IMAGES = YES;
				GCC_PRECOMPILE_PREFIX_HEADER = YES;
				GCC_PREFIX_HEADER = "Phantasma/Phantasma-Prefix.pch";
				GCC_WARN_ABOUT_MISSING_FIELD_INITIALIZERS = YES;
				GCC_WARN_ABOUT_MISSING_NEWLINE = YES;
				GCC_WARN_ABOUT_MISSING_PROTOTYPES = YES;
				GCC_WARN_INITIALIZER_NOT_FULLY_BRACKETED = YES;
				GCC_WARN_NON_VIRTUAL_DESTRUCTOR = YES;
				GCC_WARN_SHADOW = YES;
				GCC_WARN_SIGN_COMPARE = YES;
				INFOPLIST_FILE = "Phantasma/Phantasma-Info.plist";
				MACOSX_DEPLOYMENT_TARGET = 10.7;
				PRODUCT_NAME = "$(TARGET_NAME)";
				WRAPPER_EXTENSION = app;
			};
			name = Release;
		};
/* End XCBuildConfiguration section */

/* Begin XCConfigurationList section */
		4B1E686A18554BFD003A9847 /* Build configuration list for PBXProject "Phantasma" */ = {
			isa = XCConfigurationList;
			buildConfigurations = (
				4B1E68A118554BFD003A9847 /* Debug */,
				4B1E68A218554BFD003A9847 /* Release */,
			);
			defaultConfigurationIsVisible = 0;
			defaultConfigurationName = Release;
		};
		4B1E68A318554BFD003A9847 /* Build configuration list for PBXNativeTarget "Phantasma" */ = {
			isa = XCConfigurationList;
			buildConfigurations = (
				4B1E68A418554BFD003A9847 /* Debug */,
				4B1E68A518554BFD003A9847 /* Release */,
			);
			defaultConfigurationIsVisible = 0;
			defaultConfigurationName = Release;
		};
/* End XCConfigurationList section */
	};
	rootObject = 4B1E686718554BFD003A9847 /* Project object */;
}
