// !$*UTF8*$!
{
	archiveVersion = 1;
	classes = {
	};
	objectVersion = 42;
	objects = {

/* Begin PBXBuildFile section */
		002F39FA09D0881F00EBEB88 /* SDL.framework in Frameworks */ = {isa = PBXBuildFile; fileRef = 002F39F909D0881F00EBEB88 /* SDL.framework */; };
		002F3A0009D0884600EBEB88 /* SDL.framework in Copy Frameworks into .app bundle */ = {isa = PBXBuildFile; fileRef = 002F39F909D0881F00EBEB88 /* SDL.framework */; };
		002F3C0109D093BD00EBEB88 /* OpenGL.framework in Frameworks */ = {isa = PBXBuildFile; fileRef = 002F3C0009D093BD00EBEB88 /* OpenGL.framework */; };
		4B288A890CF9AEC3002BFFED /* EBGFInterleavedArrays.cpp in Sources */ = {isa = PBXBuildFile; fileRef = 4B288A880CF9AEC3002BFFED /* EBGFInterleavedArrays.cpp */; };
		4B70F7990D5F9FCB00625F21 /* ebgf_Vector.cpp in Sources */ = {isa = PBXBuildFile; fileRef = 4B70F7980D5F9FCB00625F21 /* ebgf_Vector.cpp */; };
		4B8BA50B0CF638B200F3E899 /* EBGFDrawElements.cpp in Sources */ = {isa = PBXBuildFile; fileRef = 4B8BA50A0CF638B200F3E899 /* EBGFDrawElements.cpp */; };
		4B8DF7280D89A54600A4F2A8 /* libfreetype.a in Frameworks */ = {isa = PBXBuildFile; fileRef = 4B8DF7270D89A54600A4F2A8 /* libfreetype.a */; };
		4B8F7C150D7A104B007CE309 /* VGAGAME.PAL in Resources */ = {isa = PBXBuildFile; fileRef = 4B8F7C140D7A104B007CE309 /* VGAGAME.PAL */; };
		4B9320B50D56056800F67B58 /* EBGFMatrix.cpp in Sources */ = {isa = PBXBuildFile; fileRef = 4B9320B40D56056800F67B58 /* EBGFMatrix.cpp */; };
		4B93B7C80D88948700655063 /* Total Eclipse in Resources */ = {isa = PBXBuildFile; fileRef = 4B93B7C70D88948700655063 /* Total Eclipse */; };
		4B94569C0CF4E56300FBD481 /* EBGFGLExts.cpp in Sources */ = {isa = PBXBuildFile; fileRef = 4B94569B0CF4E56300FBD481 /* EBGFGLExts.cpp */; };
		4B9710900D7B266600BCE9E2 /* FreescapeGame.cpp in Sources */ = {isa = PBXBuildFile; fileRef = 4B97108F0D7B266600BCE9E2 /* FreescapeGame.cpp */; };
		4B9710B80D7B2C5E00BCE9E2 /* FreescapeFCLRunner.cpp in Sources */ = {isa = PBXBuildFile; fileRef = 4B9710B70D7B2C5E00BCE9E2 /* FreescapeFCLRunner.cpp */; };
		4B9711450D7B515D00BCE9E2 /* FreescapeTXTLoader.cpp in Sources */ = {isa = PBXBuildFile; fileRef = 4B9711440D7B515D00BCE9E2 /* FreescapeTXTLoader.cpp */; };
		4B9711510D7B521400BCE9E2 /* FreescapeObject.cpp in Sources */ = {isa = PBXBuildFile; fileRef = 4B9711500D7B521400BCE9E2 /* FreescapeObject.cpp */; };
		4B9711830D7B5C6B00BCE9E2 /* FreescapeArea.cpp in Sources */ = {isa = PBXBuildFile; fileRef = 4B9711820D7B5C6B00BCE9E2 /* FreescapeArea.cpp */; };
		4B97920C0D0C108700C04F7D /* EBGFFont.cpp in Sources */ = {isa = PBXBuildFile; fileRef = 4B97920B0D0C108700C04F7D /* EBGFFont.cpp */; };
		4B99F33F0D870221000F96DA /* FreescapeGL Icon.icns in Resources */ = {isa = PBXBuildFile; fileRef = 4B99F33E0D870221000F96DA /* FreescapeGL Icon.icns */; };
		4B9A160A0D7CB55C0040FC3D /* FreescapeCommonLoader.cpp in Sources */ = {isa = PBXBuildFile; fileRef = 4B9A16090D7CB55C0040FC3D /* FreescapeCommonLoader.cpp */; };
		4B9A34540CFA309100120AF0 /* EBGFPolygonMisc.cpp in Sources */ = {isa = PBXBuildFile; fileRef = 4B9A34530CFA309100120AF0 /* EBGFPolygonMisc.cpp */; };
		4B9FDAEC0D310065007840C8 /* EBGFObject.cpp in Sources */ = {isa = PBXBuildFile; fileRef = 4B9FDAEB0D310065007840C8 /* EBGFObject.cpp */; };
		4BA1E2620D71EAF100DEDADD /* GAME.TXT in Resources */ = {isa = PBXBuildFile; fileRef = 4BA1E2610D71EAF100DEDADD /* GAME.TXT */; };
		4BA7C9FF0D8451A60088381A /* Tempest.ttf in Resources */ = {isa = PBXBuildFile; fileRef = 4BA7C9FE0D8451A60088381A /* Tempest.ttf */; };
		4BAAE0A00D565FA200E894B3 /* EBGFShader.cpp in Sources */ = {isa = PBXBuildFile; fileRef = 4BAAE09F0D565FA200E894B3 /* EBGFShader.cpp */; };
		4BB062230D16B11600DEA3F1 /* EBGFPolygon.cpp in Sources */ = {isa = PBXBuildFile; fileRef = 4BB062220D16B11600DEA3F1 /* EBGFPolygon.cpp */; };
		4BBC46930D85E41D00C39603 /* Dark Side in Resources */ = {isa = PBXBuildFile; fileRef = 4BBC46920D85E41D00C39603 /* Dark Side */; };
		4BBC46980D85E44A00C39603 /* FreescapeZXBinaryLoader.cpp in Sources */ = {isa = PBXBuildFile; fileRef = 4BBC46970D85E44A00C39603 /* FreescapeZXBinaryLoader.cpp */; };
		4BBC46CC0D85E66700C39603 /* Driller in Resources */ = {isa = PBXBuildFile; fileRef = 4BBC46CB0D85E66700C39603 /* Driller */; };
		4BD930BA0CF37D370013E4E3 /* EBGFmain.cpp in Sources */ = {isa = PBXBuildFile; fileRef = 4BD930B20CF37D370013E4E3 /* EBGFmain.cpp */; };
		4BD930BB0CF37D370013E4E3 /* EBGFPlatform.cpp in Sources */ = {isa = PBXBuildFile; fileRef = 4BD930B30CF37D370013E4E3 /* EBGFPlatform.cpp */; };
		4BD930BC0CF37D370013E4E3 /* EBGFResourceStore.cpp in Sources */ = {isa = PBXBuildFile; fileRef = 4BD930B40CF37D370013E4E3 /* EBGFResourceStore.cpp */; };
		4BD930BD0CF37D370013E4E3 /* EBGFTexture.cpp in Sources */ = {isa = PBXBuildFile; fileRef = 4BD930B50CF37D370013E4E3 /* EBGFTexture.cpp */; };
		4BD930BE0CF37D370013E4E3 /* gamemain.cpp in Sources */ = {isa = PBXBuildFile; fileRef = 4BD930B60CF37D370013E4E3 /* gamemain.cpp */; };
		4BD930BF0CF37D370013E4E3 /* SDLMain.m in Sources */ = {isa = PBXBuildFile; fileRef = 4BD930B90CF37D370013E4E3 /* SDLMain.m */; };
		4BD930C40CF37ECA0013E4E3 /* SDL_image.framework in Copy Frameworks into .app bundle */ = {isa = PBXBuildFile; fileRef = 4BD930C10CF37ECA0013E4E3 /* SDL_image.framework */; };
		4BD930C50CF37ECA0013E4E3 /* SDL_mixer.framework in Copy Frameworks into .app bundle */ = {isa = PBXBuildFile; fileRef = 4BD930C20CF37ECA0013E4E3 /* SDL_mixer.framework */; };
		4BD930D70CF37FF90013E4E3 /* SDL_image.framework in Frameworks */ = {isa = PBXBuildFile; fileRef = 4BD930C10CF37ECA0013E4E3 /* SDL_image.framework */; };
		4BD930D80CF37FF90013E4E3 /* SDL_mixer.framework in Frameworks */ = {isa = PBXBuildFile; fileRef = 4BD930C20CF37ECA0013E4E3 /* SDL_mixer.framework */; };
		4BD9310C0CF387D90013E4E3 /* EBGFVertexArray.cpp in Sources */ = {isa = PBXBuildFile; fileRef = 4BD9310B0CF387D90013E4E3 /* EBGFVertexArray.cpp */; };
		8D11072F0486CEB800E47090 /* Cocoa.framework in Frameworks */ = {isa = PBXBuildFile; fileRef = 1058C7A1FEA54F0111CA2CBB /* Cocoa.framework */; };
/* End PBXBuildFile section */

/* Begin PBXCopyFilesBuildPhase section */
		002F39FD09D0883400EBEB88 /* Copy Frameworks into .app bundle */ = {
			isa = PBXCopyFilesBuildPhase;
			buildActionMask = 2147483647;
			dstPath = "";
			dstSubfolderSpec = 10;
			files = (
				4BD930C40CF37ECA0013E4E3 /* SDL_image.framework in Copy Frameworks into .app bundle */,
				4BD930C50CF37ECA0013E4E3 /* SDL_mixer.framework in Copy Frameworks into .app bundle */,
				002F3A0009D0884600EBEB88 /* SDL.framework in Copy Frameworks into .app bundle */,
			);
			name = "Copy Frameworks into .app bundle";
			runOnlyForDeploymentPostprocessing = 0;
		};
/* End PBXCopyFilesBuildPhase section */

/* Begin PBXFileReference section */
		002F39F909D0881F00EBEB88 /* SDL.framework */ = {isa = PBXFileReference; lastKnownFileType = wrapper.framework; name = SDL.framework; path = /Library/Frameworks/SDL.framework; sourceTree = "<absolute>"; };
		002F3C0009D093BD00EBEB88 /* OpenGL.framework */ = {isa = PBXFileReference; lastKnownFileType = wrapper.framework; name = OpenGL.framework; path = /System/Library/Frameworks/OpenGL.framework; sourceTree = "<absolute>"; };
		1058C7A1FEA54F0111CA2CBB /* Cocoa.framework */ = {isa = PBXFileReference; lastKnownFileType = wrapper.framework; name = Cocoa.framework; path = /System/Library/Frameworks/Cocoa.framework; sourceTree = "<absolute>"; };
		29B97324FDCFA39411CA2CEA /* AppKit.framework */ = {isa = PBXFileReference; lastKnownFileType = wrapper.framework; name = AppKit.framework; path = /System/Library/Frameworks/AppKit.framework; sourceTree = "<absolute>"; };
		29B97325FDCFA39411CA2CEA /* Foundation.framework */ = {isa = PBXFileReference; lastKnownFileType = wrapper.framework; name = Foundation.framework; path = /System/Library/Frameworks/Foundation.framework; sourceTree = "<absolute>"; };
		4B288A870CF9AEC3002BFFED /* ebgf_InterleavedArrays.h */ = {isa = PBXFileReference; fileEncoding = 4; lastKnownFileType = sourcecode.c.h; path = ebgf_InterleavedArrays.h; sourceTree = "<group>"; };
		4B288A880CF9AEC3002BFFED /* EBGFInterleavedArrays.cpp */ = {isa = PBXFileReference; fileEncoding = 4; lastKnownFileType = sourcecode.cpp.cpp; path = EBGFInterleavedArrays.cpp; sourceTree = "<group>"; };
		4B70F7970D5F9FCB00625F21 /* ebgf_Vector.h */ = {isa = PBXFileReference; fileEncoding = 4; lastKnownFileType = sourcecode.c.h; path = ebgf_Vector.h; sourceTree = "<group>"; };
		4B70F7980D5F9FCB00625F21 /* ebgf_Vector.cpp */ = {isa = PBXFileReference; fileEncoding = 4; lastKnownFileType = sourcecode.cpp.cpp; path = ebgf_Vector.cpp; sourceTree = "<group>"; };
		4B8BA5090CF638B200F3E899 /* ebgf_DrawElements.h */ = {isa = PBXFileReference; fileEncoding = 4; lastKnownFileType = sourcecode.c.h; path = ebgf_DrawElements.h; sourceTree = "<group>"; };
		4B8BA50A0CF638B200F3E899 /* EBGFDrawElements.cpp */ = {isa = PBXFileReference; fileEncoding = 4; lastKnownFileType = sourcecode.cpp.cpp; path = EBGFDrawElements.cpp; sourceTree = "<group>"; };
		4B8DF7270D89A54600A4F2A8 /* libfreetype.a */ = {isa = PBXFileReference; lastKnownFileType = archive.ar; name = libfreetype.a; path = /usr/local/lib/libfreetype.a; sourceTree = "<absolute>"; };
		4B8F7C140D7A104B007CE309 /* VGAGAME.PAL */ = {isa = PBXFileReference; lastKnownFileType = file; name = VGAGAME.PAL; path = res/VGAGAME.PAL; sourceTree = "<group>"; };
		4B9320B30D56056800F67B58 /* ebgf_Matrix.h */ = {isa = PBXFileReference; fileEncoding = 4; lastKnownFileType = sourcecode.c.h; path = ebgf_Matrix.h; sourceTree = "<group>"; };
		4B9320B40D56056800F67B58 /* EBGFMatrix.cpp */ = {isa = PBXFileReference; fileEncoding = 4; lastKnownFileType = sourcecode.cpp.cpp; path = EBGFMatrix.cpp; sourceTree = "<group>"; };
		4B93B7C70D88948700655063 /* Total Eclipse */ = {isa = PBXFileReference; lastKnownFileType = file; name = "Total Eclipse"; path = "res/Total Eclipse"; sourceTree = "<group>"; };
		4B94569A0CF4E56300FBD481 /* ebgf_GLExts.h */ = {isa = PBXFileReference; fileEncoding = 4; lastKnownFileType = sourcecode.c.h; path = ebgf_GLExts.h; sourceTree = "<group>"; };
		4B94569B0CF4E56300FBD481 /* EBGFGLExts.cpp */ = {isa = PBXFileReference; fileEncoding = 4; lastKnownFileType = sourcecode.cpp.cpp; path = EBGFGLExts.cpp; sourceTree = "<group>"; };
		4B97108A0D7B25D900BCE9E2 /* Freescape.h */ = {isa = PBXFileReference; fileEncoding = 4; lastKnownFileType = sourcecode.c.h; name = Freescape.h; path = src/Freescape.h; sourceTree = "<group>"; };
		4B97108F0D7B266600BCE9E2 /* FreescapeGame.cpp */ = {isa = PBXFileReference; fileEncoding = 4; lastKnownFileType = sourcecode.cpp.cpp; name = FreescapeGame.cpp; path = src/FreescapeGame.cpp; sourceTree = "<group>"; };
		4B9710B70D7B2C5E00BCE9E2 /* FreescapeFCLRunner.cpp */ = {isa = PBXFileReference; fileEncoding = 4; lastKnownFileType = sourcecode.cpp.cpp; name = FreescapeFCLRunner.cpp; path = src/FreescapeFCLRunner.cpp; sourceTree = "<group>"; };
		4B9711440D7B515D00BCE9E2 /* FreescapeTXTLoader.cpp */ = {isa = PBXFileReference; fileEncoding = 4; lastKnownFileType = sourcecode.cpp.cpp; name = FreescapeTXTLoader.cpp; path = src/FreescapeTXTLoader.cpp; sourceTree = "<group>"; };
		4B9711500D7B521400BCE9E2 /* FreescapeObject.cpp */ = {isa = PBXFileReference; fileEncoding = 4; lastKnownFileType = sourcecode.cpp.cpp; name = FreescapeObject.cpp; path = src/FreescapeObject.cpp; sourceTree = "<group>"; };
		4B9711820D7B5C6B00BCE9E2 /* FreescapeArea.cpp */ = {isa = PBXFileReference; fileEncoding = 4; lastKnownFileType = sourcecode.cpp.cpp; name = FreescapeArea.cpp; path = src/FreescapeArea.cpp; sourceTree = "<group>"; };
		4B97920A0D0C108700C04F7D /* ebgf_Font.h */ = {isa = PBXFileReference; fileEncoding = 4; lastKnownFileType = sourcecode.c.h; path = ebgf_Font.h; sourceTree = "<group>"; };
		4B97920B0D0C108700C04F7D /* EBGFFont.cpp */ = {isa = PBXFileReference; fileEncoding = 4; lastKnownFileType = sourcecode.cpp.cpp; path = EBGFFont.cpp; sourceTree = "<group>"; };
		4B99F33E0D870221000F96DA /* FreescapeGL Icon.icns */ = {isa = PBXFileReference; lastKnownFileType = image.icns; name = "FreescapeGL Icon.icns"; path = "res/FreescapeGL Icon.icns"; sourceTree = "<group>"; };
		4B9A16090D7CB55C0040FC3D /* FreescapeCommonLoader.cpp */ = {isa = PBXFileReference; fileEncoding = 4; lastKnownFileType = sourcecode.cpp.cpp; name = FreescapeCommonLoader.cpp; path = src/FreescapeCommonLoader.cpp; sourceTree = "<group>"; };
		4B9A34520CFA309100120AF0 /* ebgf_PolygonMisc.h */ = {isa = PBXFileReference; fileEncoding = 4; lastKnownFileType = sourcecode.c.h; path = ebgf_PolygonMisc.h; sourceTree = "<group>"; };
		4B9A34530CFA309100120AF0 /* EBGFPolygonMisc.cpp */ = {isa = PBXFileReference; fileEncoding = 4; lastKnownFileType = sourcecode.cpp.cpp; path = EBGFPolygonMisc.cpp; sourceTree = "<group>"; };
		4B9FDAEA0D310065007840C8 /* ebgf_Object.h */ = {isa = PBXFileReference; fileEncoding = 4; lastKnownFileType = sourcecode.c.h; path = ebgf_Object.h; sourceTree = "<group>"; };
		4B9FDAEB0D310065007840C8 /* EBGFObject.cpp */ = {isa = PBXFileReference; fileEncoding = 4; lastKnownFileType = sourcecode.cpp.cpp; path = EBGFObject.cpp; sourceTree = "<group>"; };
		4BA1E2610D71EAF100DEDADD /* GAME.TXT */ = {isa = PBXFileReference; fileEncoding = 4; lastKnownFileType = text; name = GAME.TXT; path = res/GAME.TXT; sourceTree = "<group>"; };
		4BA7C9FE0D8451A60088381A /* Tempest.ttf */ = {isa = PBXFileReference; lastKnownFileType = file; name = Tempest.ttf; path = res/Tempest.ttf; sourceTree = "<group>"; };
		4BAAE09E0D565FA200E894B3 /* ebgf_Shader.h */ = {isa = PBXFileReference; fileEncoding = 4; lastKnownFileType = sourcecode.c.h; path = ebgf_Shader.h; sourceTree = "<group>"; };
		4BAAE09F0D565FA200E894B3 /* EBGFShader.cpp */ = {isa = PBXFileReference; fileEncoding = 4; lastKnownFileType = sourcecode.cpp.cpp; path = EBGFShader.cpp; sourceTree = "<group>"; };
		4BB062210D16B11600DEA3F1 /* ebgf_Polygon.h */ = {isa = PBXFileReference; fileEncoding = 4; lastKnownFileType = sourcecode.c.h; path = ebgf_Polygon.h; sourceTree = "<group>"; };
		4BB062220D16B11600DEA3F1 /* EBGFPolygon.cpp */ = {isa = PBXFileReference; fileEncoding = 4; lastKnownFileType = sourcecode.cpp.cpp; path = EBGFPolygon.cpp; sourceTree = "<group>"; };
		4BBC46920D85E41D00C39603 /* Dark Side */ = {isa = PBXFileReference; lastKnownFileType = file; name = "Dark Side"; path = "res/Dark Side"; sourceTree = "<group>"; };
		4BBC46970D85E44A00C39603 /* FreescapeZXBinaryLoader.cpp */ = {isa = PBXFileReference; fileEncoding = 4; lastKnownFileType = sourcecode.cpp.cpp; name = FreescapeZXBinaryLoader.cpp; path = src/FreescapeZXBinaryLoader.cpp; sourceTree = "<group>"; };
		4BBC46CB0D85E66700C39603 /* Driller */ = {isa = PBXFileReference; lastKnownFileType = file; name = Driller; path = res/Driller; sourceTree = "<group>"; };
		4BD930AE0CF37D370013E4E3 /* ebgf.h */ = {isa = PBXFileReference; fileEncoding = 4; lastKnownFileType = sourcecode.c.h; path = ebgf.h; sourceTree = "<group>"; };
		4BD930AF0CF37D370013E4E3 /* ebgf_Platform.h */ = {isa = PBXFileReference; fileEncoding = 4; lastKnownFileType = sourcecode.c.h; path = ebgf_Platform.h; sourceTree = "<group>"; };
		4BD930B00CF37D370013E4E3 /* ebgf_ResourceStore.h */ = {isa = PBXFileReference; fileEncoding = 4; lastKnownFileType = sourcecode.c.h; path = ebgf_ResourceStore.h; sourceTree = "<group>"; };
		4BD930B10CF37D370013E4E3 /* ebgf_Texture.h */ = {isa = PBXFileReference; fileEncoding = 4; lastKnownFileType = sourcecode.c.h; path = ebgf_Texture.h; sourceTree = "<group>"; };
		4BD930B20CF37D370013E4E3 /* EBGFmain.cpp */ = {isa = PBXFileReference; fileEncoding = 4; lastKnownFileType = sourcecode.cpp.cpp; path = EBGFmain.cpp; sourceTree = "<group>"; };
		4BD930B30CF37D370013E4E3 /* EBGFPlatform.cpp */ = {isa = PBXFileReference; fileEncoding = 4; lastKnownFileType = sourcecode.cpp.cpp; path = EBGFPlatform.cpp; sourceTree = "<group>"; };
		4BD930B40CF37D370013E4E3 /* EBGFResourceStore.cpp */ = {isa = PBXFileReference; fileEncoding = 4; lastKnownFileType = sourcecode.cpp.cpp; path = EBGFResourceStore.cpp; sourceTree = "<group>"; };
		4BD930B50CF37D370013E4E3 /* EBGFTexture.cpp */ = {isa = PBXFileReference; fileEncoding = 4; lastKnownFileType = sourcecode.cpp.cpp; path = EBGFTexture.cpp; sourceTree = "<group>"; };
		4BD930B60CF37D370013E4E3 /* gamemain.cpp */ = {isa = PBXFileReference; fileEncoding = 4; lastKnownFileType = sourcecode.cpp.cpp; name = gamemain.cpp; path = src/gamemain.cpp; sourceTree = "<group>"; };
		4BD930B80CF37D370013E4E3 /* SDLMain.h */ = {isa = PBXFileReference; fileEncoding = 4; lastKnownFileType = sourcecode.c.h; name = SDLMain.h; path = src/osx/SDLMain.h; sourceTree = "<group>"; };
		4BD930B90CF37D370013E4E3 /* SDLMain.m */ = {isa = PBXFileReference; fileEncoding = 4; lastKnownFileType = sourcecode.c.objc; name = SDLMain.m; path = src/osx/SDLMain.m; sourceTree = "<group>"; };
		4BD930C10CF37ECA0013E4E3 /* SDL_image.framework */ = {isa = PBXFileReference; lastKnownFileType = wrapper.framework; name = SDL_image.framework; path = /Library/Frameworks/SDL_image.framework; sourceTree = "<absolute>"; };
		4BD930C20CF37ECA0013E4E3 /* SDL_mixer.framework */ = {isa = PBXFileReference; lastKnownFileType = wrapper.framework; name = SDL_mixer.framework; path = /Library/Frameworks/SDL_mixer.framework; sourceTree = "<absolute>"; };
		4BD9310A0CF387D90013E4E3 /* ebgf_VertexArray.h */ = {isa = PBXFileReference; fileEncoding = 4; lastKnownFileType = sourcecode.c.h; path = ebgf_VertexArray.h; sourceTree = "<group>"; };
		4BD9310B0CF387D90013E4E3 /* EBGFVertexArray.cpp */ = {isa = PBXFileReference; fileEncoding = 4; lastKnownFileType = sourcecode.cpp.cpp; path = EBGFVertexArray.cpp; sourceTree = "<group>"; };
		8D1107310486CEB800E47090 /* Info.plist */ = {isa = PBXFileReference; fileEncoding = 4; lastKnownFileType = text.plist; path = Info.plist; sourceTree = "<group>"; };
		8D1107320486CEB800E47090 /* Phantasma.app */ = {isa = PBXFileReference; explicitFileType = wrapper.application; includeInIndex = 0; path = Phantasma.app; sourceTree = BUILT_PRODUCTS_DIR; };
/* End PBXFileReference section */

/* Begin PBXFrameworksBuildPhase section */
		8D11072E0486CEB800E47090 /* Frameworks */ = {
			isa = PBXFrameworksBuildPhase;
			buildActionMask = 2147483647;
			files = (
				4BD930D70CF37FF90013E4E3 /* SDL_image.framework in Frameworks */,
				4BD930D80CF37FF90013E4E3 /* SDL_mixer.framework in Frameworks */,
				002F39FA09D0881F00EBEB88 /* SDL.framework in Frameworks */,
				8D11072F0486CEB800E47090 /* Cocoa.framework in Frameworks */,
				002F3C0109D093BD00EBEB88 /* OpenGL.framework in Frameworks */,
				4B8DF7280D89A54600A4F2A8 /* libfreetype.a in Frameworks */,
			);
			runOnlyForDeploymentPostprocessing = 0;
		};
/* End PBXFrameworksBuildPhase section */

/* Begin PBXGroup section */
		080E96DDFE201D6D7F000001 /* Classes */ = {
			isa = PBXGroup;
			children = (
				4BD930B80CF37D370013E4E3 /* SDLMain.h */,
				4BD930B90CF37D370013E4E3 /* SDLMain.m */,
			);
			name = Classes;
			sourceTree = "<group>";
		};
		1058C7A0FEA54F0111CA2CBB /* Linked Frameworks */ = {
			isa = PBXGroup;
			children = (
				4B8DF7270D89A54600A4F2A8 /* libfreetype.a */,
				4BD930C10CF37ECA0013E4E3 /* SDL_image.framework */,
				4BD930C20CF37ECA0013E4E3 /* SDL_mixer.framework */,
				002F39F909D0881F00EBEB88 /* SDL.framework */,
				1058C7A1FEA54F0111CA2CBB /* Cocoa.framework */,
				002F3C0009D093BD00EBEB88 /* OpenGL.framework */,
			);
			name = "Linked Frameworks";
			sourceTree = "<group>";
		};
		1058C7A2FEA54F0111CA2CBB /* Other Frameworks */ = {
			isa = PBXGroup;
			children = (
				29B97324FDCFA39411CA2CEA /* AppKit.framework */,
				29B97325FDCFA39411CA2CEA /* Foundation.framework */,
			);
			name = "Other Frameworks";
			sourceTree = "<group>";
		};
		19C28FACFE9D520D11CA2CBB /* Products */ = {
			isa = PBXGroup;
			children = (
				8D1107320486CEB800E47090 /* Phantasma.app */,
			);
			name = Products;
			sourceTree = "<group>";
		};
		29B97314FDCFA39411CA2CEA /* CityScape */ = {
			isa = PBXGroup;
			children = (
				080E96DDFE201D6D7F000001 /* Classes */,
				29B97315FDCFA39411CA2CEA /* Other Sources */,
				29B97317FDCFA39411CA2CEA /* Resources */,
				29B97323FDCFA39411CA2CEA /* Frameworks */,
				19C28FACFE9D520D11CA2CBB /* Products */,
			);
			name = CityScape;
			sourceTree = "<group>";
		};
		29B97315FDCFA39411CA2CEA /* Other Sources */ = {
			isa = PBXGroup;
			children = (
				4BD930AD0CF37D370013E4E3 /* ebgf */,
				4B97108A0D7B25D900BCE9E2 /* Freescape.h */,
				4B9711820D7B5C6B00BCE9E2 /* FreescapeArea.cpp */,
				4B9A16090D7CB55C0040FC3D /* FreescapeCommonLoader.cpp */,
				4B97108F0D7B266600BCE9E2 /* FreescapeGame.cpp */,
				4B9710B70D7B2C5E00BCE9E2 /* FreescapeFCLRunner.cpp */,
				4B9711500D7B521400BCE9E2 /* FreescapeObject.cpp */,
				4B9711440D7B515D00BCE9E2 /* FreescapeTXTLoader.cpp */,
				4BBC46970D85E44A00C39603 /* FreescapeZXBinaryLoader.cpp */,
				4BD930B60CF37D370013E4E3 /* gamemain.cpp */,
			);
			name = "Other Sources";
			sourceTree = "<group>";
		};
		29B97317FDCFA39411CA2CEA /* Resources */ = {
			isa = PBXGroup;
			children = (
				4B93B7C70D88948700655063 /* Total Eclipse */,
				4B99F33E0D870221000F96DA /* FreescapeGL Icon.icns */,
				4BBC46CB0D85E66700C39603 /* Driller */,
				4BBC46920D85E41D00C39603 /* Dark Side */,
				4BA7C9FE0D8451A60088381A /* Tempest.ttf */,
				4B8F7C140D7A104B007CE309 /* VGAGAME.PAL */,
				4BA1E2610D71EAF100DEDADD /* GAME.TXT */,
				8D1107310486CEB800E47090 /* Info.plist */,
			);
			name = Resources;
			sourceTree = "<group>";
		};
		29B97323FDCFA39411CA2CEA /* Frameworks */ = {
			isa = PBXGroup;
			children = (
				1058C7A0FEA54F0111CA2CBB /* Linked Frameworks */,
				1058C7A2FEA54F0111CA2CBB /* Other Frameworks */,
			);
			name = Frameworks;
			sourceTree = "<group>";
		};
		4B0F240D0D54F9C5007E0110 /* Basics */ = {
			isa = PBXGroup;
			children = (
				4BD930B00CF37D370013E4E3 /* ebgf_ResourceStore.h */,
				4BD930AF0CF37D370013E4E3 /* ebgf_Platform.h */,
				4B94569A0CF4E56300FBD481 /* ebgf_GLExts.h */,
				4BD930AE0CF37D370013E4E3 /* ebgf.h */,
				4B94569B0CF4E56300FBD481 /* EBGFGLExts.cpp */,
				4BD930B40CF37D370013E4E3 /* EBGFResourceStore.cpp */,
				4BD930B30CF37D370013E4E3 /* EBGFPlatform.cpp */,
				4BD930B20CF37D370013E4E3 /* EBGFmain.cpp */,
			);
			name = Basics;
			sourceTree = "<group>";
		};
		4B0F240E0D54FA02007E0110 /* Textures */ = {
			isa = PBXGroup;
			children = (
				4BD930B10CF37D370013E4E3 /* ebgf_Texture.h */,
				4BD930B50CF37D370013E4E3 /* EBGFTexture.cpp */,
			);
			name = Textures;
			sourceTree = "<group>";
		};
		4B0F24120D54FA18007E0110 /* Fonts */ = {
			isa = PBXGroup;
			children = (
				4B97920A0D0C108700C04F7D /* ebgf_Font.h */,
				4B97920B0D0C108700C04F7D /* EBGFFont.cpp */,
			);
			name = Fonts;
			sourceTree = "<group>";
		};
		4B0F24130D54FA26007E0110 /* OpenGL helpers */ = {
			isa = PBXGroup;
			children = (
				4B9A34520CFA309100120AF0 /* ebgf_PolygonMisc.h */,
				4BD9310A0CF387D90013E4E3 /* ebgf_VertexArray.h */,
				4B8BA5090CF638B200F3E899 /* ebgf_DrawElements.h */,
				4B288A870CF9AEC3002BFFED /* ebgf_InterleavedArrays.h */,
				4BB062210D16B11600DEA3F1 /* ebgf_Polygon.h */,
				4BAAE09E0D565FA200E894B3 /* ebgf_Shader.h */,
				4B9A34530CFA309100120AF0 /* EBGFPolygonMisc.cpp */,
				4BD9310B0CF387D90013E4E3 /* EBGFVertexArray.cpp */,
				4B8BA50A0CF638B200F3E899 /* EBGFDrawElements.cpp */,
				4B288A880CF9AEC3002BFFED /* EBGFInterleavedArrays.cpp */,
				4BB062220D16B11600DEA3F1 /* EBGFPolygon.cpp */,
				4BAAE09F0D565FA200E894B3 /* EBGFShader.cpp */,
			);
			name = "OpenGL helpers";
			sourceTree = "<group>";
		};
		4B0F24150D54FA62007E0110 /* OBJ Loader */ = {
			isa = PBXGroup;
			children = (
				4B9FDAEA0D310065007840C8 /* ebgf_Object.h */,
				4B9FDAEB0D310065007840C8 /* EBGFObject.cpp */,
			);
			name = "OBJ Loader";
			sourceTree = "<group>";
		};
		4B70F7940D5F9F9B00625F21 /* Vectors & Matrices */ = {
			isa = PBXGroup;
			children = (
				4B9320B30D56056800F67B58 /* ebgf_Matrix.h */,
				4B9320B40D56056800F67B58 /* EBGFMatrix.cpp */,
				4B70F7970D5F9FCB00625F21 /* ebgf_Vector.h */,
				4B70F7980D5F9FCB00625F21 /* ebgf_Vector.cpp */,
			);
			name = "Vectors & Matrices";
			sourceTree = "<group>";
		};
		4BD930AD0CF37D370013E4E3 /* ebgf */ = {
			isa = PBXGroup;
			children = (
				4B70F7940D5F9F9B00625F21 /* Vectors & Matrices */,
				4B0F24150D54FA62007E0110 /* OBJ Loader */,
				4B0F24130D54FA26007E0110 /* OpenGL helpers */,
				4B0F24120D54FA18007E0110 /* Fonts */,
				4B0F240E0D54FA02007E0110 /* Textures */,
				4B0F240D0D54F9C5007E0110 /* Basics */,
			);
			name = ebgf;
			path = src/ebgf;
			sourceTree = "<group>";
		};
/* End PBXGroup section */

/* Begin PBXNativeTarget section */
		8D1107260486CEB800E47090 /* Phantasma */ = {
			isa = PBXNativeTarget;
			buildConfigurationList = C01FCF4A08A954540054247B /* Build configuration list for PBXNativeTarget "Phantasma" */;
			buildPhases = (
				8D1107290486CEB800E47090 /* Resources */,
				8D11072C0486CEB800E47090 /* Sources */,
				8D11072E0486CEB800E47090 /* Frameworks */,
				002F39FD09D0883400EBEB88 /* Copy Frameworks into .app bundle */,
			);
			buildRules = (
			);
			dependencies = (
			);
			name = Phantasma;
			productInstallPath = "$(HOME)/Applications";
			productName = CityScape;
			productReference = 8D1107320486CEB800E47090 /* Phantasma.app */;
			productType = "com.apple.product-type.application";
		};
/* End PBXNativeTarget section */

/* Begin PBXProject section */
		29B97313FDCFA39411CA2CEA /* Project object */ = {
			isa = PBXProject;
			buildConfigurationList = C01FCF4E08A954540054247B /* Build configuration list for PBXProject "Phantasma" */;
			compatibilityVersion = "Xcode 2.4";
			hasScannedForEncodings = 1;
			mainGroup = 29B97314FDCFA39411CA2CEA /* CityScape */;
			projectDirPath = "";
			projectRoot = "";
			targets = (
				8D1107260486CEB800E47090 /* Phantasma */,
			);
		};
/* End PBXProject section */

/* Begin PBXResourcesBuildPhase section */
		8D1107290486CEB800E47090 /* Resources */ = {
			isa = PBXResourcesBuildPhase;
			buildActionMask = 2147483647;
			files = (
				4BA1E2620D71EAF100DEDADD /* GAME.TXT in Resources */,
				4B8F7C150D7A104B007CE309 /* VGAGAME.PAL in Resources */,
				4BA7C9FF0D8451A60088381A /* Tempest.ttf in Resources */,
				4BBC46930D85E41D00C39603 /* Dark Side in Resources */,
				4BBC46CC0D85E66700C39603 /* Driller in Resources */,
				4B99F33F0D870221000F96DA /* FreescapeGL Icon.icns in Resources */,
				4B93B7C80D88948700655063 /* Total Eclipse in Resources */,
			);
			runOnlyForDeploymentPostprocessing = 0;
		};
/* End PBXResourcesBuildPhase section */

/* Begin PBXSourcesBuildPhase section */
		8D11072C0486CEB800E47090 /* Sources */ = {
			isa = PBXSourcesBuildPhase;
			buildActionMask = 2147483647;
			files = (
				4BD930BA0CF37D370013E4E3 /* EBGFmain.cpp in Sources */,
				4BD930BB0CF37D370013E4E3 /* EBGFPlatform.cpp in Sources */,
				4BD930BC0CF37D370013E4E3 /* EBGFResourceStore.cpp in Sources */,
				4BD930BD0CF37D370013E4E3 /* EBGFTexture.cpp in Sources */,
				4BD930BE0CF37D370013E4E3 /* gamemain.cpp in Sources */,
				4BD930BF0CF37D370013E4E3 /* SDLMain.m in Sources */,
				4BD9310C0CF387D90013E4E3 /* EBGFVertexArray.cpp in Sources */,
				4B94569C0CF4E56300FBD481 /* EBGFGLExts.cpp in Sources */,
				4B8BA50B0CF638B200F3E899 /* EBGFDrawElements.cpp in Sources */,
				4B288A890CF9AEC3002BFFED /* EBGFInterleavedArrays.cpp in Sources */,
				4B9A34540CFA309100120AF0 /* EBGFPolygonMisc.cpp in Sources */,
				4B97920C0D0C108700C04F7D /* EBGFFont.cpp in Sources */,
				4BB062230D16B11600DEA3F1 /* EBGFPolygon.cpp in Sources */,
				4B9FDAEC0D310065007840C8 /* EBGFObject.cpp in Sources */,
				4B9320B50D56056800F67B58 /* EBGFMatrix.cpp in Sources */,
				4BAAE0A00D565FA200E894B3 /* EBGFShader.cpp in Sources */,
				4B70F7990D5F9FCB00625F21 /* ebgf_Vector.cpp in Sources */,
				4B9710900D7B266600BCE9E2 /* FreescapeGame.cpp in Sources */,
				4B9710B80D7B2C5E00BCE9E2 /* FreescapeFCLRunner.cpp in Sources */,
				4B9711450D7B515D00BCE9E2 /* FreescapeTXTLoader.cpp in Sources */,
				4B9711510D7B521400BCE9E2 /* FreescapeObject.cpp in Sources */,
				4B9711830D7B5C6B00BCE9E2 /* FreescapeArea.cpp in Sources */,
				4B9A160A0D7CB55C0040FC3D /* FreescapeCommonLoader.cpp in Sources */,
				4BBC46980D85E44A00C39603 /* FreescapeZXBinaryLoader.cpp in Sources */,
			);
			runOnlyForDeploymentPostprocessing = 0;
		};
/* End PBXSourcesBuildPhase section */

/* Begin XCBuildConfiguration section */
		C01FCF4B08A954540054247B /* Debug */ = {
			isa = XCBuildConfiguration;
			buildSettings = {
				COPY_PHASE_STRIP = NO;
				GCC_DYNAMIC_NO_PIC = NO;
				GCC_ENABLE_FIX_AND_CONTINUE = YES;
				GCC_MODEL_TUNING = G5;
				GCC_OPTIMIZATION_LEVEL = 0;
				HEADER_SEARCH_PATHS = (
					/Library/Frameworks/Freetype.framework/Headers,
					/Library/Frameworks/SDL.framework/Headers,
					/Library/Frameworks/SDL_image.framework/Headers,
					/Library/Frameworks/SDL_mixer.framework/Headers,
					"$(HEADER_SEARCH_PATHS)",
				);
				INFOPLIST_FILE = Info.plist;
				INSTALL_PATH = "$(HOME)/Applications";
				LIBRARY_SEARCH_PATHS = "$(inherited)";
				LIBRARY_SEARCH_PATHS_QUOTED_FOR_TARGET_1 = "$(SRCROOT)";
				LIBRARY_SEARCH_PATHS_QUOTED_FOR_TARGET_2 = "\"$(SYSTEM_APPS_DIR)/Games/Neverball/Neverball.app/Contents/Frameworks/SDL_ttf.framework/Versions/A\"";
				MACOSX_DEPLOYMENT_TARGET = 10.4;
				OTHER_LDFLAGS = "-Wl,-search_paths_first";
				PRODUCT_NAME = Phantasma;
				WRAPPER_EXTENSION = app;
				ZERO_LINK = YES;
			};
			name = Debug;
		};
		C01FCF4C08A954540054247B /* Release */ = {
			isa = XCBuildConfiguration;
			buildSettings = {
				ARCHS = (
					ppc,
					i386,
				);
				GCC_GENERATE_DEBUGGING_SYMBOLS = NO;
				GCC_MODEL_TUNING = G5;
				HEADER_SEARCH_PATHS = (
					/Library/Frameworks/SDL.framework/Headers,
					/Library/Frameworks/SDL_image.framework/Headers,
					/Library/Frameworks/SDL_mixer.framework/Headers,
					/Library/Frameworks/Freetype.framework/Headers,
					"$(HEADER_SEARCH_PATHS)",
				);
				INFOPLIST_FILE = Info.plist;
				INSTALL_PATH = "$(HOME)/Applications";
				LIBRARY_SEARCH_PATHS = (
					"$(inherited)",
					"$(LIBRARY_SEARCH_PATHS_QUOTED_FOR_TARGET_1)",
					"$(LIBRARY_SEARCH_PATHS_QUOTED_FOR_TARGET_2)",
				);
				LIBRARY_SEARCH_PATHS_QUOTED_FOR_TARGET_1 = "";
				LIBRARY_SEARCH_PATHS_QUOTED_FOR_TARGET_2 = "\"$(SYSTEM_APPS_DIR)/Games/Neverball/Neverball.app/Contents/Frameworks/SDL_ttf.framework/Versions/A\"";
				MACOSX_DEPLOYMENT_TARGET = 10.4;
				OTHER_LDFLAGS = "-Wl,-search_paths_first";
				PRODUCT_NAME = Phantasma;
				WRAPPER_EXTENSION = app;
			};
			name = Release;
		};
		C01FCF4F08A954540054247B /* Debug */ = {
			isa = XCBuildConfiguration;
			buildSettings = {
				FRAMEWORK_SEARCH_PATHS = (
					"$(HOME)/Library/Frameworks",
					/Library/Frameworks,
					"$(FRAMEWORK_SEARCH_PATHS)",
				);
				GCC_WARN_ABOUT_RETURN_TYPE = YES;
				GCC_WARN_UNUSED_VARIABLE = YES;
				HEADER_SEARCH_PATHS = (
					"$(HOME)/Library/Frameworks/SDL.framework/Headers",
					/Library/Frameworks/SDL.framework/Headers,
					"$(HEADER_SEARCH_PATHS)",
				);
				PREBINDING = NO;
				SDKROOT = /Developer/SDKs/MacOSX10.4u.sdk;
			};
			name = Debug;
		};
		C01FCF5008A954540054247B /* Release */ = {
			isa = XCBuildConfiguration;
			buildSettings = {
				FRAMEWORK_SEARCH_PATHS = (
					"$(HOME)/Library/Frameworks",
					/Library/Frameworks,
					"$(FRAMEWORK_SEARCH_PATHS)",
				);
				GCC_WARN_ABOUT_RETURN_TYPE = YES;
				GCC_WARN_UNUSED_VARIABLE = YES;
				HEADER_SEARCH_PATHS = (
					"$(HOME)/Library/Frameworks/SDL.framework/Headers",
					/Library/Frameworks/SDL.framework/Headers,
					"$(HEADER_SEARCH_PATHS)",
				);
				PREBINDING = NO;
				SDKROOT = /Developer/SDKs/MacOSX10.4u.sdk;
			};
			name = Release;
		};
/* End XCBuildConfiguration section */

/* Begin XCConfigurationList section */
		C01FCF4A08A954540054247B /* Build configuration list for PBXNativeTarget "Phantasma" */ = {
			isa = XCConfigurationList;
			buildConfigurations = (
				C01FCF4B08A954540054247B /* Debug */,
				C01FCF4C08A954540054247B /* Release */,
			);
			defaultConfigurationIsVisible = 0;
			defaultConfigurationName = Release;
		};
		C01FCF4E08A954540054247B /* Build configuration list for PBXProject "Phantasma" */ = {
			isa = XCConfigurationList;
			buildConfigurations = (
				C01FCF4F08A954540054247B /* Debug */,
				C01FCF5008A954540054247B /* Release */,
			);
			defaultConfigurationIsVisible = 0;
			defaultConfigurationName = Release;
		};
/* End XCConfigurationList section */
	};
	rootObject = 29B97313FDCFA39411CA2CEA /* Project object */;
}
